
Microsoft Visual Studio Solution File, Format Version 12.00
Project("{FAE04EC0-301F-11D3-BF4B-00C04F79EFBC}") = "ModMail", "ModMail\ModMail.csproj", "{8BB49E77-A46F-4826-AF5D-EFF709B2FBCE}"
EndProject
Global
	GlobalSection(SolutionConfigurationPlatforms) = preSolution
		Debug|Any CPU = Debug|Any CPU
		Release|Any CPU = Release|Any CPU
	EndGlobalSection
	GlobalSection(ProjectConfigurationPlatforms) = postSolution
		{8BB49E77-A46F-4826-AF5D-EFF709B2FBCE}.Debug|Any CPU.ActiveCfg = Debug|Any CPU
		{8BB49E77-A46F-4826-AF5D-EFF709B2FBCE}.Debug|Any CPU.Build.0 = Debug|Any CPU
		{8BB49E77-A46F-4826-AF5D-EFF709B2FBCE}.Release|Any CPU.ActiveCfg = Release|Any CPU
		{8BB49E77-A46F-4826-AF5D-EFF709B2FBCE}.Release|Any CPU.Build.0 = Release|Any CPU
	EndGlobalSection
EndGlobal
